
Microsoft Visual Studio Solution File, Format Version 12.00
# Visual Studio Version 16
VisualStudioVersion = 16.0.31727.386
MinimumVisualStudioVersion = 10.0.40219.1
Project("{FAE04EC0-301F-11D3-BF4B-00C04F79EFBC}") = "TrackThread", "TrackThread\TrackThread.csproj", "{570EC265-F9BD-42DE-93B4-BB94EA9A4964}"
EndProject
Global
	GlobalSection(SolutionConfigurationPlatforms) = preSolution
		Debug|Any CPU = Debug|Any CPU
		Release|Any CPU = Release|Any CPU
	EndGlobalSection
	GlobalSection(ProjectConfigurationPlatforms) = postSolution
		{570EC265-F9BD-42DE-93B4-BB94EA9A4964}.Debug|Any CPU.ActiveCfg = Debug|Any CPU
		{570EC265-F9BD-42DE-93B4-BB94EA9A4964}.Debug|Any CPU.Build.0 = Debug|Any CPU
		{570EC265-F9BD-42DE-93B4-BB94EA9A4964}.Release|Any CPU.ActiveCfg = Release|Any CPU
		{570EC265-F9BD-42DE-93B4-BB94EA9A4964}.Release|Any CPU.Build.0 = Release|Any CPU
	EndGlobalSection
	GlobalSection(SolutionProperties) = preSolution
		HideSolutionNode = FALSE
	EndGlobalSection
	GlobalSection(ExtensibilityGlobals) = postSolution
		SolutionGuid = {4405997D-BFD6-4D84-8040-8A9E7642A892}
	EndGlobalSection
EndGlobal
